# THIS IS AN AUTOGENERATED FILE. DO NOT EDIT THIS FILE DIRECTLY.
assets/timber.scss.liquid:
  development: 2017-10-20T18:40:20-04:00   984a446c12d4dec911b9c954935decde
config/settings_schema.json:
  development: 2017-10-20T18:33:43-04:00
templates/page.contact.liquid:
  development: 2017-08-22T19:50:40-04:00   893c086337b98515bb4193399243037d
templates/page.get-inspired.liquid:
  development: 2017-10-20T20:14:40-04:00   b2d11292311128ffd19f6fdedc905284