# THIS IS AN AUTOGENERATED FILE. DO NOT EDIT THIS FILE DIRECTLY.
assets/timber.scss.liquid:
  development: 2017-10-21T23:05:37-04:00   7db7d7fa0f2648f2db7ffd2a6ffbc5d6
config/settings_schema.json:
  development: 2017-10-21T22:47:43-04:00
templates/page.contact.liquid:
  development: 2017-08-22T19:50:40-04:00   893c086337b98515bb4193399243037d
templates/page.get-inspired.liquid:
  development: 2017-10-21T21:39:54-04:00   18b0c81ba734bc97a28625ef8fbf6095
